{
    "_readme": [
        "This file locks the dependencies of your project to a known state",
        "Read more about it at https://getcomposer.org/doc/01-basic-usage.md#installing-dependencies",
        "This file is @generated automatically"
    ],
    "content-hash": "261ebfb56a5997fba4729344d2f6522c",
    "packages": [
        {
            "name": "painkill2r/inflearn-lecture-lib",
            "version": "0.0.3",
            "source": {
                "type": "git",
                "url": "https://github.com/painkill2r/php-oop-my-framework.git",
                "reference": "c25099f33232b7caa41ad38d406d13c45688e9a8"
            },
            "dist": {
                "type": "zip",
                "url": "https://api.github.com/repos/painkill2r/php-oop-my-framework/zipball/c25099f33232b7caa41ad38d406d13c45688e9a8",
                "reference": "c25099f33232b7caa41ad38d406d13c45688e9a8",
                "shasum": ""
            },
            "type": "library",
            "autoload": {
                "psr-4": {
                    "Painkill2r\\InflearnLectureLib\\": "src/"
                }
            },
            "notification-url": "https://packagist.org/downloads/",
            "license": [
                "MIT"
            ],
            "authors": [
                {
                    "name": "wdEffort",
                    "email": "yoman3011@gmail.com"
                }
            ],
            "description": "This is a Simple PHP micro framework",
            "support": {
                "issues": "https://github.com/painkill2r/php-oop-my-framework/issues",
                "source": "https://github.com/painkill2r/php-oop-my-framework/tree/v0.0.3"
            },
            "time": "2022-02-22T13:47:44+00:00"
        }
    ],
    "packages-dev": [],
    "aliases": [],
    "minimum-stability": "stable",
    "stability-flags": [],
    "prefer-stable": false,
    "prefer-lowest": false,
    "platform": [],
    "platform-dev": [],
    "plugin-api-version": "2.2.0"
}
