{
  "_readme": [
    "This file locks the dependencies of your project to a known state",
    "Read more about it at https://getcomposer.org/doc/01-basic-usage.md#installing-dependencies",
    "This file is @generated automatically"
  ],
  "content-hash": "95eebdc15b411a452b39b7f03112c7d2",
  "packages": [
    {
      "name": "painkill2r/inflearn-lecture-lib",
      "version": "0.0.2",
      "source": {
        "type": "git",
        "url": "https://github.com/painkill2r/php-oop-my-framework.git",
        "reference": "27ee7260cefab13e6e7aca7c6e9f4087497c78cf"
      },
      "dist": {
        "type": "zip",
        "url": "https://api.github.com/repos/painkill2r/php-oop-my-framework/zipball/27ee7260cefab13e6e7aca7c6e9f4087497c78cf",
        "reference": "27ee7260cefab13e6e7aca7c6e9f4087497c78cf",
        "shasum": ""
      },
      "type": "library",
      "autoload": {
        "psr-4": {
          "Painkill2r\\InflearnLectureLib\\": "src/"
        }
      },
      "notification-url": "https://packagist.org/downloads/",
      "license": [
        "MIT"
      ],
      "authors": [
        {
          "name": "wdEffort",
          "email": "yoman3011@gmail.com"
        }
      ],
      "description": "This is a Simple PHP micro framework",
      "support": {
        "issues": "https://github.com/painkill2r/php-oop-my-framework/issues",
        "source": "https://github.com/painkill2r/php-oop-my-framework/tree/v0.0.2"
      },
      "time": "2022-02-22T04:12:36+00:00"
    }
  ],
  "packages-dev": [],
  "aliases": [],
  "minimum-stability": "stable",
  "stability-flags": [],
  "prefer-stable": false,
  "prefer-lowest": false,
  "platform": [],
  "platform-dev": [],
  "plugin-api-version": "2.2.0"
}
